
Microsoft Visual Studio Solution File, Format Version 12.00
# Visual Studio Version 16
VisualStudioVersion = 16.0.30503.244
MinimumVisualStudioVersion = 10.0.40219.1
Project("{9A19103F-16F7-4668-BE54-9A1E7A4F7556}") = "ExpendituresCalculatorApp", "App\ExpendituresCalculatorApp.csproj", "{CE821179-F38E-418B-8F32-4D90B8462943}"
EndProject
Project("{9A19103F-16F7-4668-BE54-9A1E7A4F7556}") = "ExpendituresCalculatorTest", "Test\ExpendituresCalculatorTest.csproj", "{42D41809-CC9B-40A5-8501-E9E2BE56D1A8}"
EndProject
Global
	GlobalSection(SolutionConfigurationPlatforms) = preSolution
		Debug|Any CPU = Debug|Any CPU
		Release|Any CPU = Release|Any CPU
	EndGlobalSection
	GlobalSection(ProjectConfigurationPlatforms) = postSolution
		{CE821179-F38E-418B-8F32-4D90B8462943}.Debug|Any CPU.ActiveCfg = Debug|Any CPU
		{CE821179-F38E-418B-8F32-4D90B8462943}.Debug|Any CPU.Build.0 = Debug|Any CPU
		{CE821179-F38E-418B-8F32-4D90B8462943}.Release|Any CPU.ActiveCfg = Release|Any CPU
		{CE821179-F38E-418B-8F32-4D90B8462943}.Release|Any CPU.Build.0 = Release|Any CPU
		{42D41809-CC9B-40A5-8501-E9E2BE56D1A8}.Debug|Any CPU.ActiveCfg = Debug|Any CPU
		{42D41809-CC9B-40A5-8501-E9E2BE56D1A8}.Debug|Any CPU.Build.0 = Debug|Any CPU
		{42D41809-CC9B-40A5-8501-E9E2BE56D1A8}.Release|Any CPU.ActiveCfg = Release|Any CPU
		{42D41809-CC9B-40A5-8501-E9E2BE56D1A8}.Release|Any CPU.Build.0 = Release|Any CPU
	EndGlobalSection
	GlobalSection(SolutionProperties) = preSolution
		HideSolutionNode = FALSE
	EndGlobalSection
	GlobalSection(ExtensibilityGlobals) = postSolution
		SolutionGuid = {A343E916-B5C9-4645-AD6C-9509B3A48081}
	EndGlobalSection
EndGlobal
